// !$*UTF8*$!
{
	archiveVersion = 1;
	classes = {
	};
	objectVersion = 46;
	objects = {

/* Begin PBXBuildFile section */
		163B1C1D21647243000E2409 /* UILabel+Relativity.swift in Sources */ = {isa = PBXBuildFile; fileRef = 163B1C1C21647243000E2409 /* UILabel+Relativity.swift */; };
		1673C4482164543A00A1EF97 /* Relativity.h in Headers */ = {isa = PBXBuildFile; fileRef = 1673C43E2164543900A1EF97 /* Relativity.h */; settings = {ATTRIBUTES = (Public, ); }; };
		1673C4492164543A00A1EF97 /* SubviewDistributor.swift in Sources */ = {isa = PBXBuildFile; fileRef = 1673C43F2164543900A1EF97 /* SubviewDistributor.swift */; };
		1673C44A2164543A00A1EF97 /* Operators.swift in Sources */ = {isa = PBXBuildFile; fileRef = 1673C4402164543900A1EF97 /* Operators.swift */; };
		1673C44B2164543A00A1EF97 /* DistributionItem.swift in Sources */ = {isa = PBXBuildFile; fileRef = 1673C4412164543900A1EF97 /* DistributionItem.swift */; };
		1673C44C2164543A00A1EF97 /* CGRect+Relativity.swift in Sources */ = {isa = PBXBuildFile; fileRef = 1673C4422164543900A1EF97 /* CGRect+Relativity.swift */; };
		1673C44D2164543A00A1EF97 /* ErrorHandler.swift in Sources */ = {isa = PBXBuildFile; fileRef = 1673C4432164543900A1EF97 /* ErrorHandler.swift */; };
		1673C44E2164543A00A1EF97 /* UIFont+Relativity.swift in Sources */ = {isa = PBXBuildFile; fileRef = 1673C4442164543A00A1EF97 /* UIFont+Relativity.swift */; };
		1673C44F2164543A00A1EF97 /* UIView+Relativity.swift in Sources */ = {isa = PBXBuildFile; fileRef = 1673C4452164543A00A1EF97 /* UIView+Relativity.swift */; };
		1673C4502164543A00A1EF97 /* PixelRounder.swift in Sources */ = {isa = PBXBuildFile; fileRef = 1673C4462164543A00A1EF97 /* PixelRounder.swift */; };
		1673C4512164543A00A1EF97 /* ViewPosition.swift in Sources */ = {isa = PBXBuildFile; fileRef = 1673C4472164543A00A1EF97 /* ViewPosition.swift */; };
		1673C4562164545300A1EF97 /* ViewPositionTests.swift in Sources */ = {isa = PBXBuildFile; fileRef = 1673C4532164545300A1EF97 /* ViewPositionTests.swift */; };
		1673C4572164545300A1EF97 /* PixelRounderTests.swift in Sources */ = {isa = PBXBuildFile; fileRef = 1673C4542164545300A1EF97 /* PixelRounderTests.swift */; };
		1673C4582164545300A1EF97 /* SubviewDistributionTests.swift in Sources */ = {isa = PBXBuildFile; fileRef = 1673C4552164545300A1EF97 /* SubviewDistributionTests.swift */; };
		3713FC091E11BA720075109A /* Relativity.framework in Frameworks */ = {isa = PBXBuildFile; fileRef = 3713FBFF1E11BA720075109A /* Relativity.framework */; };
/* End PBXBuildFile section */

/* Begin PBXContainerItemProxy section */
		3713FC0A1E11BA720075109A /* PBXContainerItemProxy */ = {
			isa = PBXContainerItemProxy;
			containerPortal = 3713FBF61E11BA720075109A /* Project object */;
			proxyType = 1;
			remoteGlobalIDString = 3713FBFE1E11BA720075109A;
			remoteInfo = Relativity;
		};
/* End PBXContainerItemProxy section */

/* Begin PBXFileReference section */
		163B1C1C21647243000E2409 /* UILabel+Relativity.swift */ = {isa = PBXFileReference; lastKnownFileType = sourcecode.swift; path = "UILabel+Relativity.swift"; sourceTree = "<group>"; };
		1673C43E2164543900A1EF97 /* Relativity.h */ = {isa = PBXFileReference; fileEncoding = 4; lastKnownFileType = sourcecode.c.h; path = Relativity.h; sourceTree = "<group>"; };
		1673C43F2164543900A1EF97 /* SubviewDistributor.swift */ = {isa = PBXFileReference; fileEncoding = 4; lastKnownFileType = sourcecode.swift; path = SubviewDistributor.swift; sourceTree = "<group>"; };
		1673C4402164543900A1EF97 /* Operators.swift */ = {isa = PBXFileReference; fileEncoding = 4; lastKnownFileType = sourcecode.swift; path = Operators.swift; sourceTree = "<group>"; };
		1673C4412164543900A1EF97 /* DistributionItem.swift */ = {isa = PBXFileReference; fileEncoding = 4; lastKnownFileType = sourcecode.swift; path = DistributionItem.swift; sourceTree = "<group>"; };
		1673C4422164543900A1EF97 /* CGRect+Relativity.swift */ = {isa = PBXFileReference; fileEncoding = 4; lastKnownFileType = sourcecode.swift; path = "CGRect+Relativity.swift"; sourceTree = "<group>"; };
		1673C4432164543900A1EF97 /* ErrorHandler.swift */ = {isa = PBXFileReference; fileEncoding = 4; lastKnownFileType = sourcecode.swift; path = ErrorHandler.swift; sourceTree = "<group>"; };
		1673C4442164543A00A1EF97 /* UIFont+Relativity.swift */ = {isa = PBXFileReference; fileEncoding = 4; lastKnownFileType = sourcecode.swift; path = "UIFont+Relativity.swift"; sourceTree = "<group>"; };
		1673C4452164543A00A1EF97 /* UIView+Relativity.swift */ = {isa = PBXFileReference; fileEncoding = 4; lastKnownFileType = sourcecode.swift; path = "UIView+Relativity.swift"; sourceTree = "<group>"; };
		1673C4462164543A00A1EF97 /* PixelRounder.swift */ = {isa = PBXFileReference; fileEncoding = 4; lastKnownFileType = sourcecode.swift; path = PixelRounder.swift; sourceTree = "<group>"; };
		1673C4472164543A00A1EF97 /* ViewPosition.swift */ = {isa = PBXFileReference; fileEncoding = 4; lastKnownFileType = sourcecode.swift; path = ViewPosition.swift; sourceTree = "<group>"; };
		1673C4522164544400A1EF97 /* Info.plist */ = {isa = PBXFileReference; lastKnownFileType = text.plist.xml; path = Info.plist; sourceTree = "<group>"; };
		1673C4532164545300A1EF97 /* ViewPositionTests.swift */ = {isa = PBXFileReference; fileEncoding = 4; lastKnownFileType = sourcecode.swift; path = ViewPositionTests.swift; sourceTree = "<group>"; };
		1673C4542164545300A1EF97 /* PixelRounderTests.swift */ = {isa = PBXFileReference; fileEncoding = 4; lastKnownFileType = sourcecode.swift; path = PixelRounderTests.swift; sourceTree = "<group>"; };
		1673C4552164545300A1EF97 /* SubviewDistributionTests.swift */ = {isa = PBXFileReference; fileEncoding = 4; lastKnownFileType = sourcecode.swift; path = SubviewDistributionTests.swift; sourceTree = "<group>"; };
		1673C4592164545C00A1EF97 /* Info.plist */ = {isa = PBXFileReference; lastKnownFileType = text.plist.xml; path = Info.plist; sourceTree = "<group>"; };
		3713FBFF1E11BA720075109A /* Relativity.framework */ = {isa = PBXFileReference; explicitFileType = wrapper.framework; includeInIndex = 0; path = Relativity.framework; sourceTree = BUILT_PRODUCTS_DIR; };
		3713FC081E11BA720075109A /* RelativityTests.xctest */ = {isa = PBXFileReference; explicitFileType = wrapper.cfbundle; includeInIndex = 0; path = RelativityTests.xctest; sourceTree = BUILT_PRODUCTS_DIR; };
/* End PBXFileReference section */

/* Begin PBXFrameworksBuildPhase section */
		3713FBFB1E11BA720075109A /* Frameworks */ = {
			isa = PBXFrameworksBuildPhase;
			buildActionMask = 2147483647;
			files = (
			);
			runOnlyForDeploymentPostprocessing = 0;
		};
		3713FC051E11BA720075109A /* Frameworks */ = {
			isa = PBXFrameworksBuildPhase;
			buildActionMask = 2147483647;
			files = (
				3713FC091E11BA720075109A /* Relativity.framework in Frameworks */,
			);
			runOnlyForDeploymentPostprocessing = 0;
		};
/* End PBXFrameworksBuildPhase section */

/* Begin PBXGroup section */
		1673C43C2164541100A1EF97 /* Sources */ = {
			isa = PBXGroup;
			children = (
				1673C4422164543900A1EF97 /* CGRect+Relativity.swift */,
				1673C4412164543900A1EF97 /* DistributionItem.swift */,
				1673C4432164543900A1EF97 /* ErrorHandler.swift */,
				1673C4522164544400A1EF97 /* Info.plist */,
				1673C4402164543900A1EF97 /* Operators.swift */,
				1673C4462164543A00A1EF97 /* PixelRounder.swift */,
				1673C43E2164543900A1EF97 /* Relativity.h */,
				1673C43F2164543900A1EF97 /* SubviewDistributor.swift */,
				1673C4442164543A00A1EF97 /* UIFont+Relativity.swift */,
				163B1C1C21647243000E2409 /* UILabel+Relativity.swift */,
				1673C4452164543A00A1EF97 /* UIView+Relativity.swift */,
				1673C4472164543A00A1EF97 /* ViewPosition.swift */,
			);
			path = Sources;
			sourceTree = "<group>";
		};
		1673C43D2164541900A1EF97 /* Tests */ = {
			isa = PBXGroup;
			children = (
				1673C4592164545C00A1EF97 /* Info.plist */,
				1673C4542164545300A1EF97 /* PixelRounderTests.swift */,
				1673C4552164545300A1EF97 /* SubviewDistributionTests.swift */,
				1673C4532164545300A1EF97 /* ViewPositionTests.swift */,
			);
			path = Tests;
			sourceTree = "<group>";
		};
		3713FBF51E11BA720075109A = {
			isa = PBXGroup;
			children = (
				1673C43C2164541100A1EF97 /* Sources */,
				1673C43D2164541900A1EF97 /* Tests */,
				3713FC001E11BA720075109A /* Products */,
			);
			sourceTree = "<group>";
		};
		3713FC001E11BA720075109A /* Products */ = {
			isa = PBXGroup;
			children = (
				3713FBFF1E11BA720075109A /* Relativity.framework */,
				3713FC081E11BA720075109A /* RelativityTests.xctest */,
			);
			name = Products;
			sourceTree = "<group>";
		};
/* End PBXGroup section */

/* Begin PBXHeadersBuildPhase section */
		3713FBFC1E11BA720075109A /* Headers */ = {
			isa = PBXHeadersBuildPhase;
			buildActionMask = 2147483647;
			files = (
				1673C4482164543A00A1EF97 /* Relativity.h in Headers */,
			);
			runOnlyForDeploymentPostprocessing = 0;
		};
/* End PBXHeadersBuildPhase section */

/* Begin PBXNativeTarget section */
		3713FBFE1E11BA720075109A /* Relativity */ = {
			isa = PBXNativeTarget;
			buildConfigurationList = 3713FC131E11BA720075109A /* Build configuration list for PBXNativeTarget "Relativity" */;
			buildPhases = (
				3713FBFA1E11BA720075109A /* Sources */,
				3713FBFB1E11BA720075109A /* Frameworks */,
				3713FBFC1E11BA720075109A /* Headers */,
				3713FBFD1E11BA720075109A /* Resources */,
			);
			buildRules = (
			);
			dependencies = (
			);
			name = Relativity;
			productName = Relativity;
			productReference = 3713FBFF1E11BA720075109A /* Relativity.framework */;
			productType = "com.apple.product-type.framework";
		};
		3713FC071E11BA720075109A /* RelativityTests */ = {
			isa = PBXNativeTarget;
			buildConfigurationList = 3713FC161E11BA720075109A /* Build configuration list for PBXNativeTarget "RelativityTests" */;
			buildPhases = (
				3713FC041E11BA720075109A /* Sources */,
				3713FC051E11BA720075109A /* Frameworks */,
				3713FC061E11BA720075109A /* Resources */,
			);
			buildRules = (
			);
			dependencies = (
				3713FC0B1E11BA720075109A /* PBXTargetDependency */,
			);
			name = RelativityTests;
			productName = RelativityTests;
			productReference = 3713FC081E11BA720075109A /* RelativityTests.xctest */;
			productType = "com.apple.product-type.bundle.unit-test";
		};
/* End PBXNativeTarget section */

/* Begin PBXProject section */
		3713FBF61E11BA720075109A /* Project object */ = {
			isa = PBXProject;
			attributes = {
				LastSwiftUpdateCheck = 0820;
				LastUpgradeCheck = 1020;
				ORGANIZATIONNAME = "Dan Federman";
				TargetAttributes = {
					3713FBFE1E11BA720075109A = {
						CreatedOnToolsVersion = 8.2.1;
						LastSwiftMigration = 0900;
						ProvisioningStyle = Automatic;
					};
					3713FC071E11BA720075109A = {
						CreatedOnToolsVersion = 8.2.1;
						LastSwiftMigration = 0900;
						ProvisioningStyle = Automatic;
					};
				};
			};
			buildConfigurationList = 3713FBF91E11BA720075109A /* Build configuration list for PBXProject "Relativity" */;
			compatibilityVersion = "Xcode 3.2";
			developmentRegion = en;
			hasScannedForEncodings = 0;
			knownRegions = (
				en,
				Base,
			);
			mainGroup = 3713FBF51E11BA720075109A;
			productRefGroup = 3713FC001E11BA720075109A /* Products */;
			projectDirPath = "";
			projectRoot = "";
			targets = (
				3713FBFE1E11BA720075109A /* Relativity */,
				3713FC071E11BA720075109A /* RelativityTests */,
			);
		};
/* End PBXProject section */

/* Begin PBXResourcesBuildPhase section */
		3713FBFD1E11BA720075109A /* Resources */ = {
			isa = PBXResourcesBuildPhase;
			buildActionMask = 2147483647;
			files = (
			);
			runOnlyForDeploymentPostprocessing = 0;
		};
		3713FC061E11BA720075109A /* Resources */ = {
			isa = PBXResourcesBuildPhase;
			buildActionMask = 2147483647;
			files = (
			);
			runOnlyForDeploymentPostprocessing = 0;
		};
/* End PBXResourcesBuildPhase section */

/* Begin PBXSourcesBuildPhase section */
		3713FBFA1E11BA720075109A /* Sources */ = {
			isa = PBXSourcesBuildPhase;
			buildActionMask = 2147483647;
			files = (
				1673C44C2164543A00A1EF97 /* CGRect+Relativity.swift in Sources */,
				163B1C1D21647243000E2409 /* UILabel+Relativity.swift in Sources */,
				1673C44D2164543A00A1EF97 /* ErrorHandler.swift in Sources */,
				1673C44B2164543A00A1EF97 /* DistributionItem.swift in Sources */,
				1673C44F2164543A00A1EF97 /* UIView+Relativity.swift in Sources */,
				1673C44E2164543A00A1EF97 /* UIFont+Relativity.swift in Sources */,
				1673C4492164543A00A1EF97 /* SubviewDistributor.swift in Sources */,
				1673C4512164543A00A1EF97 /* ViewPosition.swift in Sources */,
				1673C44A2164543A00A1EF97 /* Operators.swift in Sources */,
				1673C4502164543A00A1EF97 /* PixelRounder.swift in Sources */,
			);
			runOnlyForDeploymentPostprocessing = 0;
		};
		3713FC041E11BA720075109A /* Sources */ = {
			isa = PBXSourcesBuildPhase;
			buildActionMask = 2147483647;
			files = (
				1673C4572164545300A1EF97 /* PixelRounderTests.swift in Sources */,
				1673C4582164545300A1EF97 /* SubviewDistributionTests.swift in Sources */,
				1673C4562164545300A1EF97 /* ViewPositionTests.swift in Sources */,
			);
			runOnlyForDeploymentPostprocessing = 0;
		};
/* End PBXSourcesBuildPhase section */

/* Begin PBXTargetDependency section */
		3713FC0B1E11BA720075109A /* PBXTargetDependency */ = {
			isa = PBXTargetDependency;
			target = 3713FBFE1E11BA720075109A /* Relativity */;
			targetProxy = 3713FC0A1E11BA720075109A /* PBXContainerItemProxy */;
		};
/* End PBXTargetDependency section */

/* Begin XCBuildConfiguration section */
		3713FC111E11BA720075109A /* Debug */ = {
			isa = XCBuildConfiguration;
			buildSettings = {
				ALWAYS_SEARCH_USER_PATHS = NO;
				CLANG_ANALYZER_NONNULL = YES;
				CLANG_CXX_LANGUAGE_STANDARD = "gnu++0x";
				CLANG_CXX_LIBRARY = "libc++";
				CLANG_ENABLE_MODULES = YES;
				CLANG_ENABLE_OBJC_ARC = YES;
				CLANG_WARN_BLOCK_CAPTURE_AUTORELEASING = YES;
				CLANG_WARN_BOOL_CONVERSION = YES;
				CLANG_WARN_COMMA = YES;
				CLANG_WARN_CONSTANT_CONVERSION = YES;
				CLANG_WARN_DEPRECATED_OBJC_IMPLEMENTATIONS = YES;
				CLANG_WARN_DIRECT_OBJC_ISA_USAGE = YES_ERROR;
				CLANG_WARN_DOCUMENTATION_COMMENTS = YES;
				CLANG_WARN_EMPTY_BODY = YES;
				CLANG_WARN_ENUM_CONVERSION = YES;
				CLANG_WARN_INFINITE_RECURSION = YES;
				CLANG_WARN_INT_CONVERSION = YES;
				CLANG_WARN_NON_LITERAL_NULL_CONVERSION = YES;
				CLANG_WARN_OBJC_IMPLICIT_RETAIN_SELF = YES;
				CLANG_WARN_OBJC_LITERAL_CONVERSION = YES;
				CLANG_WARN_OBJC_ROOT_CLASS = YES_ERROR;
				CLANG_WARN_RANGE_LOOP_ANALYSIS = YES;
				CLANG_WARN_STRICT_PROTOTYPES = YES;
				CLANG_WARN_SUSPICIOUS_MOVE = YES;
				CLANG_WARN_UNREACHABLE_CODE = YES;
				CLANG_WARN__DUPLICATE_METHOD_MATCH = YES;
				"CODE_SIGN_IDENTITY[sdk=iphoneos*]" = "iPhone Developer";
				COPY_PHASE_STRIP = NO;
				CURRENT_PROJECT_VERSION = 1;
				DEBUG_INFORMATION_FORMAT = dwarf;
				ENABLE_STRICT_OBJC_MSGSEND = YES;
				ENABLE_TESTABILITY = YES;
				GCC_C_LANGUAGE_STANDARD = gnu99;
				GCC_DYNAMIC_NO_PIC = NO;
				GCC_NO_COMMON_BLOCKS = YES;
				GCC_OPTIMIZATION_LEVEL = 0;
				GCC_PREPROCESSOR_DEFINITIONS = (
					"DEBUG=1",
					"$(inherited)",
				);
				GCC_WARN_64_TO_32_BIT_CONVERSION = YES;
				GCC_WARN_ABOUT_RETURN_TYPE = YES_ERROR;
				GCC_WARN_UNDECLARED_SELECTOR = YES;
				GCC_WARN_UNINITIALIZED_AUTOS = YES_AGGRESSIVE;
				GCC_WARN_UNUSED_FUNCTION = YES;
				GCC_WARN_UNUSED_VARIABLE = YES;
				IPHONEOS_DEPLOYMENT_TARGET = 8.0;
				MTL_ENABLE_DEBUG_INFO = YES;
				ONLY_ACTIVE_ARCH = YES;
				SDKROOT = iphoneos;
				SWIFT_ACTIVE_COMPILATION_CONDITIONS = DEBUG;
				SWIFT_OPTIMIZATION_LEVEL = "-Onone";
				SWIFT_VERSION = 4.2;
				TARGETED_DEVICE_FAMILY = "1,2";
				VERSIONING_SYSTEM = "apple-generic";
				VERSION_INFO_PREFIX = "";
			};
			name = Debug;
		};
		3713FC121E11BA720075109A /* Release */ = {
			isa = XCBuildConfiguration;
			buildSettings = {
				ALWAYS_SEARCH_USER_PATHS = NO;
				CLANG_ANALYZER_NONNULL = YES;
				CLANG_CXX_LANGUAGE_STANDARD = "gnu++0x";
				CLANG_CXX_LIBRARY = "libc++";
				CLANG_ENABLE_MODULES = YES;
				CLANG_ENABLE_OBJC_ARC = YES;
				CLANG_WARN_BLOCK_CAPTURE_AUTORELEASING = YES;
				CLANG_WARN_BOOL_CONVERSION = YES;
				CLANG_WARN_COMMA = YES;
				CLANG_WARN_CONSTANT_CONVERSION = YES;
				CLANG_WARN_DEPRECATED_OBJC_IMPLEMENTATIONS = YES;
				CLANG_WARN_DIRECT_OBJC_ISA_USAGE = YES_ERROR;
				CLANG_WARN_DOCUMENTATION_COMMENTS = YES;
				CLANG_WARN_EMPTY_BODY = YES;
				CLANG_WARN_ENUM_CONVERSION = YES;
				CLANG_WARN_INFINITE_RECURSION = YES;
				CLANG_WARN_INT_CONVERSION = YES;
				CLANG_WARN_NON_LITERAL_NULL_CONVERSION = YES;
				CLANG_WARN_OBJC_IMPLICIT_RETAIN_SELF = YES;
				CLANG_WARN_OBJC_LITERAL_CONVERSION = YES;
				CLANG_WARN_OBJC_ROOT_CLASS = YES_ERROR;
				CLANG_WARN_RANGE_LOOP_ANALYSIS = YES;
				CLANG_WARN_STRICT_PROTOTYPES = YES;
				CLANG_WARN_SUSPICIOUS_MOVE = YES;
				CLANG_WARN_UNREACHABLE_CODE = YES;
				CLANG_WARN__DUPLICATE_METHOD_MATCH = YES;
				"CODE_SIGN_IDENTITY[sdk=iphoneos*]" = "iPhone Developer";
				COPY_PHASE_STRIP = NO;
				CURRENT_PROJECT_VERSION = 1;
				DEBUG_INFORMATION_FORMAT = "dwarf-with-dsym";
				ENABLE_NS_ASSERTIONS = NO;
				ENABLE_STRICT_OBJC_MSGSEND = YES;
				GCC_C_LANGUAGE_STANDARD = gnu99;
				GCC_NO_COMMON_BLOCKS = YES;
				GCC_WARN_64_TO_32_BIT_CONVERSION = YES;
				GCC_WARN_ABOUT_RETURN_TYPE = YES_ERROR;
				GCC_WARN_UNDECLARED_SELECTOR = YES;
				GCC_WARN_UNINITIALIZED_AUTOS = YES_AGGRESSIVE;
				GCC_WARN_UNUSED_FUNCTION = YES;
				GCC_WARN_UNUSED_VARIABLE = YES;
				IPHONEOS_DEPLOYMENT_TARGET = 8.0;
				MTL_ENABLE_DEBUG_INFO = NO;
				SDKROOT = iphoneos;
				SWIFT_OPTIMIZATION_LEVEL = "-Owholemodule";
				SWIFT_VERSION = 4.2;
				TARGETED_DEVICE_FAMILY = "1,2";
				VALIDATE_PRODUCT = YES;
				VERSIONING_SYSTEM = "apple-generic";
				VERSION_INFO_PREFIX = "";
			};
			name = Release;
		};
		3713FC141E11BA720075109A /* Debug */ = {
			isa = XCBuildConfiguration;
			buildSettings = {
				CLANG_ENABLE_MODULES = YES;
				CODE_SIGN_IDENTITY = "";
				DEFINES_MODULE = YES;
				DYLIB_COMPATIBILITY_VERSION = 1;
				DYLIB_CURRENT_VERSION = 1;
				DYLIB_INSTALL_NAME_BASE = "@rpath";
				INFOPLIST_FILE = Sources/Info.plist;
				INSTALL_PATH = "$(LOCAL_LIBRARY_DIR)/Frameworks";
				LD_RUNPATH_SEARCH_PATHS = "$(inherited) @executable_path/Frameworks @loader_path/Frameworks";
				PRODUCT_BUNDLE_IDENTIFIER = com.dfed.Relativity;
				PRODUCT_NAME = "$(TARGET_NAME)";
				SKIP_INSTALL = YES;
				SWIFT_OPTIMIZATION_LEVEL = "-Onone";
			};
			name = Debug;
		};
		3713FC151E11BA720075109A /* Release */ = {
			isa = XCBuildConfiguration;
			buildSettings = {
				CLANG_ENABLE_MODULES = YES;
				CODE_SIGN_IDENTITY = "";
				DEFINES_MODULE = YES;
				DYLIB_COMPATIBILITY_VERSION = 1;
				DYLIB_CURRENT_VERSION = 1;
				DYLIB_INSTALL_NAME_BASE = "@rpath";
				INFOPLIST_FILE = Sources/Info.plist;
				INSTALL_PATH = "$(LOCAL_LIBRARY_DIR)/Frameworks";
				LD_RUNPATH_SEARCH_PATHS = "$(inherited) @executable_path/Frameworks @loader_path/Frameworks";
				PRODUCT_BUNDLE_IDENTIFIER = com.dfed.Relativity;
				PRODUCT_NAME = "$(TARGET_NAME)";
				SKIP_INSTALL = YES;
			};
			name = Release;
		};
		3713FC171E11BA720075109A /* Debug */ = {
			isa = XCBuildConfiguration;
			buildSettings = {
				ALWAYS_EMBED_SWIFT_STANDARD_LIBRARIES = YES;
				CLANG_ENABLE_MODULES = YES;
				INFOPLIST_FILE = Tests/Info.plist;
				LD_RUNPATH_SEARCH_PATHS = "$(inherited) @executable_path/Frameworks @loader_path/Frameworks";
				PRODUCT_BUNDLE_IDENTIFIER = com.dfed.RelativityTests;
				PRODUCT_NAME = "$(TARGET_NAME)";
				SWIFT_OPTIMIZATION_LEVEL = "-Onone";
			};
			name = Debug;
		};
		3713FC181E11BA720075109A /* Release */ = {
			isa = XCBuildConfiguration;
			buildSettings = {
				ALWAYS_EMBED_SWIFT_STANDARD_LIBRARIES = YES;
				CLANG_ENABLE_MODULES = YES;
				INFOPLIST_FILE = Tests/Info.plist;
				LD_RUNPATH_SEARCH_PATHS = "$(inherited) @executable_path/Frameworks @loader_path/Frameworks";
				PRODUCT_BUNDLE_IDENTIFIER = com.dfed.RelativityTests;
				PRODUCT_NAME = "$(TARGET_NAME)";
			};
			name = Release;
		};
/* End XCBuildConfiguration section */

/* Begin XCConfigurationList section */
		3713FBF91E11BA720075109A /* Build configuration list for PBXProject "Relativity" */ = {
			isa = XCConfigurationList;
			buildConfigurations = (
				3713FC111E11BA720075109A /* Debug */,
				3713FC121E11BA720075109A /* Release */,
			);
			defaultConfigurationIsVisible = 0;
			defaultConfigurationName = Release;
		};
		3713FC131E11BA720075109A /* Build configuration list for PBXNativeTarget "Relativity" */ = {
			isa = XCConfigurationList;
			buildConfigurations = (
				3713FC141E11BA720075109A /* Debug */,
				3713FC151E11BA720075109A /* Release */,
			);
			defaultConfigurationIsVisible = 0;
			defaultConfigurationName = Release;
		};
		3713FC161E11BA720075109A /* Build configuration list for PBXNativeTarget "RelativityTests" */ = {
			isa = XCConfigurationList;
			buildConfigurations = (
				3713FC171E11BA720075109A /* Debug */,
				3713FC181E11BA720075109A /* Release */,
			);
			defaultConfigurationIsVisible = 0;
			defaultConfigurationName = Release;
		};
/* End XCConfigurationList section */
	};
	rootObject = 3713FBF61E11BA720075109A /* Project object */;
}
